
Microsoft Visual Studio Solution File, Format Version 11.00
# Visual Studio 2010
Project("{FAE04EC0-301F-11D3-BF4B-00C04F79EFBC}") = "BankReportService", "BankReportService\BankReportService.csproj", "{BB4B6194-B6E1-4582-BEFA-8EA02C2E6DE5}"
EndProject
Project("{54435603-DBB4-11D2-8724-00A0C9A8B90C}") = "BankReportServiceSetup", "BankReportServiceSetup\EDIServiceSetup.vdproj", "{937E637F-AFD4-4A4E-AD9D-9E6F0E2CB053}"
EndProject
Project("{FAE04EC0-301F-11D3-BF4B-00C04F79EFBC}") = "BankReportMonitor", "BankReportMonitor\BankReportMonitor.csproj", "{4A9EA69D-00A2-418A-B5EA-B30A289C265E}"
EndProject
Project("{FAE04EC0-301F-11D3-BF4B-00C04F79EFBC}") = "BankReportTest", "BankReportTest\BankReportTest.csproj", "{1CAEC08B-6135-4D09-AC88-8C0E190EAB69}"
EndProject
Project("{FAE04EC0-301F-11D3-BF4B-00C04F79EFBC}") = "Common", "Common\Common.csproj", "{8076851D-CCD8-47AF-9493-D5DE2C178E87}"
EndProject
Project("{FAE04EC0-301F-11D3-BF4B-00C04F79EFBC}") = "MonitorConfiguration", "MonitorConfiguration\MonitorConfiguration.csproj", "{A021E8FD-23A5-4385-BA74-E6003CBF4E97}"
EndProject
Project("{2150E333-8FDC-42A3-9474-1A3956D46DE8}") = "BankReport", "BankReport", "{788EC492-2405-4EC0-886D-9A9F1280664F}"
EndProject
Project("{FAE04EC0-301F-11D3-BF4B-00C04F79EFBC}") = "BankResponseParser", "BankReport\BankResponseParser\BankResponseParser.csproj", "{C1C5411E-FE28-4C02-BBEF-2A397D5B4F39}"
EndProject
Project("{FAE04EC0-301F-11D3-BF4B-00C04F79EFBC}") = "EdiBankingStatus", "BankReport\EDIBankingStatus\EdiBankingStatus.csproj", "{F9CF87B3-1302-4684-8AE4-3216B49FFE6D}"
EndProject
Project("{FAE04EC0-301F-11D3-BF4B-00C04F79EFBC}") = "SwiftPaymentStatus", "BankReport\SwiftPaymentStatus\SwiftPaymentStatus.csproj", "{24C933CE-C4A8-429B-B349-4762878D6798}"
EndProject
Project("{FAE04EC0-301F-11D3-BF4B-00C04F79EFBC}") = "OutputEntity", "OutputEntity\OutputEntity.csproj", "{A5DEB9ED-2049-4264-BA58-F65C4092C5CE}"
EndProject
Project("{FAE04EC0-301F-11D3-BF4B-00C04F79EFBC}") = "DbCommon", "DbCommon\DbCommon.csproj", "{6F17EA4E-6842-478C-8055-B49D3C098200}"
EndProject
Global
	GlobalSection(SolutionConfigurationPlatforms) = preSolution
		Debug|Any CPU = Debug|Any CPU
		Debug|Mixed Platforms = Debug|Mixed Platforms
		Debug|x64 = Debug|x64
		Debug|x86 = Debug|x86
		Release|Any CPU = Release|Any CPU
		Release|Mixed Platforms = Release|Mixed Platforms
		Release|x64 = Release|x64
		Release|x86 = Release|x86
	EndGlobalSection
	GlobalSection(ProjectConfigurationPlatforms) = postSolution
		{BB4B6194-B6E1-4582-BEFA-8EA02C2E6DE5}.Debug|Any CPU.ActiveCfg = Debug|x86
		{BB4B6194-B6E1-4582-BEFA-8EA02C2E6DE5}.Debug|Mixed Platforms.ActiveCfg = Debug|x86
		{BB4B6194-B6E1-4582-BEFA-8EA02C2E6DE5}.Debug|Mixed Platforms.Build.0 = Debug|x86
		{BB4B6194-B6E1-4582-BEFA-8EA02C2E6DE5}.Debug|x64.ActiveCfg = Debug|x86
		{BB4B6194-B6E1-4582-BEFA-8EA02C2E6DE5}.Debug|x86.ActiveCfg = Debug|x86
		{BB4B6194-B6E1-4582-BEFA-8EA02C2E6DE5}.Debug|x86.Build.0 = Debug|x86
		{BB4B6194-B6E1-4582-BEFA-8EA02C2E6DE5}.Release|Any CPU.ActiveCfg = Release|x86
		{BB4B6194-B6E1-4582-BEFA-8EA02C2E6DE5}.Release|Mixed Platforms.ActiveCfg = Release|x86
		{BB4B6194-B6E1-4582-BEFA-8EA02C2E6DE5}.Release|Mixed Platforms.Build.0 = Release|x86
		{BB4B6194-B6E1-4582-BEFA-8EA02C2E6DE5}.Release|x64.ActiveCfg = Release|x86
		{BB4B6194-B6E1-4582-BEFA-8EA02C2E6DE5}.Release|x86.ActiveCfg = Release|x86
		{BB4B6194-B6E1-4582-BEFA-8EA02C2E6DE5}.Release|x86.Build.0 = Release|x86
		{937E637F-AFD4-4A4E-AD9D-9E6F0E2CB053}.Debug|Any CPU.ActiveCfg = Debug
		{937E637F-AFD4-4A4E-AD9D-9E6F0E2CB053}.Debug|Any CPU.Build.0 = Debug
		{937E637F-AFD4-4A4E-AD9D-9E6F0E2CB053}.Debug|Mixed Platforms.ActiveCfg = Debug
		{937E637F-AFD4-4A4E-AD9D-9E6F0E2CB053}.Debug|Mixed Platforms.Build.0 = Debug
		{937E637F-AFD4-4A4E-AD9D-9E6F0E2CB053}.Debug|x64.ActiveCfg = Debug
		{937E637F-AFD4-4A4E-AD9D-9E6F0E2CB053}.Debug|x64.Build.0 = Debug
		{937E637F-AFD4-4A4E-AD9D-9E6F0E2CB053}.Debug|x86.ActiveCfg = Debug
		{937E637F-AFD4-4A4E-AD9D-9E6F0E2CB053}.Release|Any CPU.ActiveCfg = Release
		{937E637F-AFD4-4A4E-AD9D-9E6F0E2CB053}.Release|Any CPU.Build.0 = Release
		{937E637F-AFD4-4A4E-AD9D-9E6F0E2CB053}.Release|Mixed Platforms.ActiveCfg = Release
		{937E637F-AFD4-4A4E-AD9D-9E6F0E2CB053}.Release|Mixed Platforms.Build.0 = Release
		{937E637F-AFD4-4A4E-AD9D-9E6F0E2CB053}.Release|x64.ActiveCfg = Release
		{937E637F-AFD4-4A4E-AD9D-9E6F0E2CB053}.Release|x64.Build.0 = Release
		{937E637F-AFD4-4A4E-AD9D-9E6F0E2CB053}.Release|x86.ActiveCfg = Release
		{4A9EA69D-00A2-418A-B5EA-B30A289C265E}.Debug|Any CPU.ActiveCfg = Debug|Any CPU
		{4A9EA69D-00A2-418A-B5EA-B30A289C265E}.Debug|Any CPU.Build.0 = Debug|Any CPU
		{4A9EA69D-00A2-418A-B5EA-B30A289C265E}.Debug|Mixed Platforms.ActiveCfg = Debug|x86
		{4A9EA69D-00A2-418A-B5EA-B30A289C265E}.Debug|Mixed Platforms.Build.0 = Debug|x86
		{4A9EA69D-00A2-418A-B5EA-B30A289C265E}.Debug|x64.ActiveCfg = Debug|Any CPU
		{4A9EA69D-00A2-418A-B5EA-B30A289C265E}.Debug|x86.ActiveCfg = Debug|Any CPU
		{4A9EA69D-00A2-418A-B5EA-B30A289C265E}.Release|Any CPU.ActiveCfg = Release|Any CPU
		{4A9EA69D-00A2-418A-B5EA-B30A289C265E}.Release|Any CPU.Build.0 = Release|Any CPU
		{4A9EA69D-00A2-418A-B5EA-B30A289C265E}.Release|Mixed Platforms.ActiveCfg = Release|x86
		{4A9EA69D-00A2-418A-B5EA-B30A289C265E}.Release|Mixed Platforms.Build.0 = Release|x86
		{4A9EA69D-00A2-418A-B5EA-B30A289C265E}.Release|x64.ActiveCfg = Release|Any CPU
		{4A9EA69D-00A2-418A-B5EA-B30A289C265E}.Release|x86.ActiveCfg = Release|Any CPU
		{1CAEC08B-6135-4D09-AC88-8C0E190EAB69}.Debug|Any CPU.ActiveCfg = Debug|x86
		{1CAEC08B-6135-4D09-AC88-8C0E190EAB69}.Debug|Mixed Platforms.ActiveCfg = Debug|x86
		{1CAEC08B-6135-4D09-AC88-8C0E190EAB69}.Debug|Mixed Platforms.Build.0 = Debug|x86
		{1CAEC08B-6135-4D09-AC88-8C0E190EAB69}.Debug|x64.ActiveCfg = Debug|x86
		{1CAEC08B-6135-4D09-AC88-8C0E190EAB69}.Debug|x86.ActiveCfg = Debug|x86
		{1CAEC08B-6135-4D09-AC88-8C0E190EAB69}.Debug|x86.Build.0 = Debug|x86
		{1CAEC08B-6135-4D09-AC88-8C0E190EAB69}.Release|Any CPU.ActiveCfg = Release|x86
		{1CAEC08B-6135-4D09-AC88-8C0E190EAB69}.Release|Mixed Platforms.ActiveCfg = Release|x86
		{1CAEC08B-6135-4D09-AC88-8C0E190EAB69}.Release|Mixed Platforms.Build.0 = Release|x86
		{1CAEC08B-6135-4D09-AC88-8C0E190EAB69}.Release|x64.ActiveCfg = Release|x86
		{1CAEC08B-6135-4D09-AC88-8C0E190EAB69}.Release|x86.ActiveCfg = Release|x86
		{1CAEC08B-6135-4D09-AC88-8C0E190EAB69}.Release|x86.Build.0 = Release|x86
		{8076851D-CCD8-47AF-9493-D5DE2C178E87}.Debug|Any CPU.ActiveCfg = Debug|Any CPU
		{8076851D-CCD8-47AF-9493-D5DE2C178E87}.Debug|Any CPU.Build.0 = Debug|Any CPU
		{8076851D-CCD8-47AF-9493-D5DE2C178E87}.Debug|Mixed Platforms.ActiveCfg = Debug|x86
		{8076851D-CCD8-47AF-9493-D5DE2C178E87}.Debug|Mixed Platforms.Build.0 = Debug|x86
		{8076851D-CCD8-47AF-9493-D5DE2C178E87}.Debug|x64.ActiveCfg = Debug|Any CPU
		{8076851D-CCD8-47AF-9493-D5DE2C178E87}.Debug|x86.ActiveCfg = Debug|Any CPU
		{8076851D-CCD8-47AF-9493-D5DE2C178E87}.Release|Any CPU.ActiveCfg = Release|Any CPU
		{8076851D-CCD8-47AF-9493-D5DE2C178E87}.Release|Any CPU.Build.0 = Release|Any CPU
		{8076851D-CCD8-47AF-9493-D5DE2C178E87}.Release|Mixed Platforms.ActiveCfg = Release|x86
		{8076851D-CCD8-47AF-9493-D5DE2C178E87}.Release|Mixed Platforms.Build.0 = Release|x86
		{8076851D-CCD8-47AF-9493-D5DE2C178E87}.Release|x64.ActiveCfg = Release|Any CPU
		{8076851D-CCD8-47AF-9493-D5DE2C178E87}.Release|x86.ActiveCfg = Release|Any CPU
		{A021E8FD-23A5-4385-BA74-E6003CBF4E97}.Debug|Any CPU.ActiveCfg = Debug|x86
		{A021E8FD-23A5-4385-BA74-E6003CBF4E97}.Debug|Mixed Platforms.ActiveCfg = Debug|x86
		{A021E8FD-23A5-4385-BA74-E6003CBF4E97}.Debug|Mixed Platforms.Build.0 = Debug|x86
		{A021E8FD-23A5-4385-BA74-E6003CBF4E97}.Debug|x64.ActiveCfg = Debug|x86
		{A021E8FD-23A5-4385-BA74-E6003CBF4E97}.Debug|x86.ActiveCfg = Debug|x86
		{A021E8FD-23A5-4385-BA74-E6003CBF4E97}.Debug|x86.Build.0 = Debug|x86
		{A021E8FD-23A5-4385-BA74-E6003CBF4E97}.Release|Any CPU.ActiveCfg = Release|x86
		{A021E8FD-23A5-4385-BA74-E6003CBF4E97}.Release|Mixed Platforms.ActiveCfg = Release|x86
		{A021E8FD-23A5-4385-BA74-E6003CBF4E97}.Release|Mixed Platforms.Build.0 = Release|x86
		{A021E8FD-23A5-4385-BA74-E6003CBF4E97}.Release|x64.ActiveCfg = Release|x86
		{A021E8FD-23A5-4385-BA74-E6003CBF4E97}.Release|x86.ActiveCfg = Release|x86
		{A021E8FD-23A5-4385-BA74-E6003CBF4E97}.Release|x86.Build.0 = Release|x86
		{C1C5411E-FE28-4C02-BBEF-2A397D5B4F39}.Debug|Any CPU.ActiveCfg = Debug|Any CPU
		{C1C5411E-FE28-4C02-BBEF-2A397D5B4F39}.Debug|Any CPU.Build.0 = Debug|Any CPU
		{C1C5411E-FE28-4C02-BBEF-2A397D5B4F39}.Debug|Mixed Platforms.ActiveCfg = Debug|x86
		{C1C5411E-FE28-4C02-BBEF-2A397D5B4F39}.Debug|Mixed Platforms.Build.0 = Debug|x86
		{C1C5411E-FE28-4C02-BBEF-2A397D5B4F39}.Debug|x64.ActiveCfg = Debug|x64
		{C1C5411E-FE28-4C02-BBEF-2A397D5B4F39}.Debug|x64.Build.0 = Debug|x64
		{C1C5411E-FE28-4C02-BBEF-2A397D5B4F39}.Debug|x86.ActiveCfg = Debug|x86
		{C1C5411E-FE28-4C02-BBEF-2A397D5B4F39}.Debug|x86.Build.0 = Debug|x86
		{C1C5411E-FE28-4C02-BBEF-2A397D5B4F39}.Release|Any CPU.ActiveCfg = Release|Any CPU
		{C1C5411E-FE28-4C02-BBEF-2A397D5B4F39}.Release|Any CPU.Build.0 = Release|Any CPU
		{C1C5411E-FE28-4C02-BBEF-2A397D5B4F39}.Release|Mixed Platforms.ActiveCfg = Release|x86
		{C1C5411E-FE28-4C02-BBEF-2A397D5B4F39}.Release|Mixed Platforms.Build.0 = Release|x86
		{C1C5411E-FE28-4C02-BBEF-2A397D5B4F39}.Release|x64.ActiveCfg = Release|x64
		{C1C5411E-FE28-4C02-BBEF-2A397D5B4F39}.Release|x64.Build.0 = Release|x64
		{C1C5411E-FE28-4C02-BBEF-2A397D5B4F39}.Release|x86.ActiveCfg = Release|x86
		{C1C5411E-FE28-4C02-BBEF-2A397D5B4F39}.Release|x86.Build.0 = Release|x86
		{F9CF87B3-1302-4684-8AE4-3216B49FFE6D}.Debug|Any CPU.ActiveCfg = Debug|x86
		{F9CF87B3-1302-4684-8AE4-3216B49FFE6D}.Debug|Mixed Platforms.ActiveCfg = Debug|x86
		{F9CF87B3-1302-4684-8AE4-3216B49FFE6D}.Debug|Mixed Platforms.Build.0 = Debug|x86
		{F9CF87B3-1302-4684-8AE4-3216B49FFE6D}.Debug|x64.ActiveCfg = Debug|x86
		{F9CF87B3-1302-4684-8AE4-3216B49FFE6D}.Debug|x86.ActiveCfg = Debug|x86
		{F9CF87B3-1302-4684-8AE4-3216B49FFE6D}.Debug|x86.Build.0 = Debug|x86
		{F9CF87B3-1302-4684-8AE4-3216B49FFE6D}.Release|Any CPU.ActiveCfg = Release|x86
		{F9CF87B3-1302-4684-8AE4-3216B49FFE6D}.Release|Mixed Platforms.ActiveCfg = Release|x86
		{F9CF87B3-1302-4684-8AE4-3216B49FFE6D}.Release|Mixed Platforms.Build.0 = Release|x86
		{F9CF87B3-1302-4684-8AE4-3216B49FFE6D}.Release|x64.ActiveCfg = Release|x86
		{F9CF87B3-1302-4684-8AE4-3216B49FFE6D}.Release|x86.ActiveCfg = Release|x86
		{F9CF87B3-1302-4684-8AE4-3216B49FFE6D}.Release|x86.Build.0 = Release|x86
		{24C933CE-C4A8-429B-B349-4762878D6798}.Debug|Any CPU.ActiveCfg = Debug|Any CPU
		{24C933CE-C4A8-429B-B349-4762878D6798}.Debug|Any CPU.Build.0 = Debug|Any CPU
		{24C933CE-C4A8-429B-B349-4762878D6798}.Debug|Mixed Platforms.ActiveCfg = Debug|x86
		{24C933CE-C4A8-429B-B349-4762878D6798}.Debug|Mixed Platforms.Build.0 = Debug|x86
		{24C933CE-C4A8-429B-B349-4762878D6798}.Debug|x64.ActiveCfg = Debug|x86
		{24C933CE-C4A8-429B-B349-4762878D6798}.Debug|x86.ActiveCfg = Debug|x86
		{24C933CE-C4A8-429B-B349-4762878D6798}.Debug|x86.Build.0 = Debug|x86
		{24C933CE-C4A8-429B-B349-4762878D6798}.Release|Any CPU.ActiveCfg = Release|Any CPU
		{24C933CE-C4A8-429B-B349-4762878D6798}.Release|Any CPU.Build.0 = Release|Any CPU
		{24C933CE-C4A8-429B-B349-4762878D6798}.Release|Mixed Platforms.ActiveCfg = Release|x86
		{24C933CE-C4A8-429B-B349-4762878D6798}.Release|Mixed Platforms.Build.0 = Release|x86
		{24C933CE-C4A8-429B-B349-4762878D6798}.Release|x64.ActiveCfg = Release|x86
		{24C933CE-C4A8-429B-B349-4762878D6798}.Release|x86.ActiveCfg = Release|x86
		{24C933CE-C4A8-429B-B349-4762878D6798}.Release|x86.Build.0 = Release|x86
		{A5DEB9ED-2049-4264-BA58-F65C4092C5CE}.Debug|Any CPU.ActiveCfg = Debug|Any CPU
		{A5DEB9ED-2049-4264-BA58-F65C4092C5CE}.Debug|Any CPU.Build.0 = Debug|Any CPU
		{A5DEB9ED-2049-4264-BA58-F65C4092C5CE}.Debug|Mixed Platforms.ActiveCfg = Debug|Any CPU
		{A5DEB9ED-2049-4264-BA58-F65C4092C5CE}.Debug|Mixed Platforms.Build.0 = Debug|Any CPU
		{A5DEB9ED-2049-4264-BA58-F65C4092C5CE}.Debug|x64.ActiveCfg = Debug|Any CPU
		{A5DEB9ED-2049-4264-BA58-F65C4092C5CE}.Debug|x86.ActiveCfg = Debug|Any CPU
		{A5DEB9ED-2049-4264-BA58-F65C4092C5CE}.Release|Any CPU.ActiveCfg = Release|Any CPU
		{A5DEB9ED-2049-4264-BA58-F65C4092C5CE}.Release|Any CPU.Build.0 = Release|Any CPU
		{A5DEB9ED-2049-4264-BA58-F65C4092C5CE}.Release|Mixed Platforms.ActiveCfg = Release|Any CPU
		{A5DEB9ED-2049-4264-BA58-F65C4092C5CE}.Release|Mixed Platforms.Build.0 = Release|Any CPU
		{A5DEB9ED-2049-4264-BA58-F65C4092C5CE}.Release|x64.ActiveCfg = Release|Any CPU
		{A5DEB9ED-2049-4264-BA58-F65C4092C5CE}.Release|x86.ActiveCfg = Release|Any CPU
		{6F17EA4E-6842-478C-8055-B49D3C098200}.Debug|Any CPU.ActiveCfg = Debug|Any CPU
		{6F17EA4E-6842-478C-8055-B49D3C098200}.Debug|Any CPU.Build.0 = Debug|Any CPU
		{6F17EA4E-6842-478C-8055-B49D3C098200}.Debug|Mixed Platforms.ActiveCfg = Debug|Any CPU
		{6F17EA4E-6842-478C-8055-B49D3C098200}.Debug|Mixed Platforms.Build.0 = Debug|Any CPU
		{6F17EA4E-6842-478C-8055-B49D3C098200}.Debug|x64.ActiveCfg = Debug|Any CPU
		{6F17EA4E-6842-478C-8055-B49D3C098200}.Debug|x86.ActiveCfg = Debug|Any CPU
		{6F17EA4E-6842-478C-8055-B49D3C098200}.Release|Any CPU.ActiveCfg = Release|Any CPU
		{6F17EA4E-6842-478C-8055-B49D3C098200}.Release|Any CPU.Build.0 = Release|Any CPU
		{6F17EA4E-6842-478C-8055-B49D3C098200}.Release|Mixed Platforms.ActiveCfg = Release|Any CPU
		{6F17EA4E-6842-478C-8055-B49D3C098200}.Release|Mixed Platforms.Build.0 = Release|Any CPU
		{6F17EA4E-6842-478C-8055-B49D3C098200}.Release|x64.ActiveCfg = Release|Any CPU
		{6F17EA4E-6842-478C-8055-B49D3C098200}.Release|x86.ActiveCfg = Release|Any CPU
	EndGlobalSection
	GlobalSection(SolutionProperties) = preSolution
		HideSolutionNode = FALSE
	EndGlobalSection
	GlobalSection(NestedProjects) = preSolution
		{C1C5411E-FE28-4C02-BBEF-2A397D5B4F39} = {788EC492-2405-4EC0-886D-9A9F1280664F}
		{F9CF87B3-1302-4684-8AE4-3216B49FFE6D} = {788EC492-2405-4EC0-886D-9A9F1280664F}
		{24C933CE-C4A8-429B-B349-4762878D6798} = {788EC492-2405-4EC0-886D-9A9F1280664F}
	EndGlobalSection
EndGlobal
